
Microsoft Visual Studio Solution File, Format Version 12.00
# Visual Studio 15
VisualStudioVersion = 15.0.28306.52
MinimumVisualStudioVersion = 10.0.40219.1
Project("{FAE04EC0-301F-11D3-BF4B-00C04F79EFBC}") = "XpoMusic", "Xpotify\XpoMusic.csproj", "{CF732FD1-9200-423A-8BB6-1685B598A3DC}"
EndProject
Project("{FAE04EC0-301F-11D3-BF4B-00C04F79EFBC}") = "XpoMusicWebAgent", "XpotifyWebAgent\XpoMusicWebAgent.csproj", "{15FACA69-C86A-4447-97DC-B6CB59056075}"
EndProject
Global
	GlobalSection(SolutionConfigurationPlatforms) = preSolution
		Debug|Any CPU = Debug|Any CPU
		Debug|ARM = Debug|ARM
		Debug|ARM64 = Debug|ARM64
		Debug|x64 = Debug|x64
		Debug|x86 = Debug|x86
		Release|Any CPU = Release|Any CPU
		Release|ARM = Release|ARM
		Release|ARM64 = Release|ARM64
		Release|x64 = Release|x64
		Release|x86 = Release|x86
	EndGlobalSection
	GlobalSection(ProjectConfigurationPlatforms) = postSolution
		{CF732FD1-9200-423A-8BB6-1685B598A3DC}.Debug|Any CPU.ActiveCfg = Debug|x86
		{CF732FD1-9200-423A-8BB6-1685B598A3DC}.Debug|Any CPU.Build.0 = Debug|x86
		{CF732FD1-9200-423A-8BB6-1685B598A3DC}.Debug|Any CPU.Deploy.0 = Debug|x86
		{CF732FD1-9200-423A-8BB6-1685B598A3DC}.Debug|ARM.ActiveCfg = Debug|ARM
		{CF732FD1-9200-423A-8BB6-1685B598A3DC}.Debug|ARM.Build.0 = Debug|ARM
		{CF732FD1-9200-423A-8BB6-1685B598A3DC}.Debug|ARM.Deploy.0 = Debug|ARM
		{CF732FD1-9200-423A-8BB6-1685B598A3DC}.Debug|ARM64.ActiveCfg = Debug|ARM64
		{CF732FD1-9200-423A-8BB6-1685B598A3DC}.Debug|ARM64.Build.0 = Debug|ARM64
		{CF732FD1-9200-423A-8BB6-1685B598A3DC}.Debug|ARM64.Deploy.0 = Debug|ARM64
		{CF732FD1-9200-423A-8BB6-1685B598A3DC}.Debug|x64.ActiveCfg = Debug|x64
		{CF732FD1-9200-423A-8BB6-1685B598A3DC}.Debug|x64.Build.0 = Debug|x64
		{CF732FD1-9200-423A-8BB6-1685B598A3DC}.Debug|x64.Deploy.0 = Debug|x64
		{CF732FD1-9200-423A-8BB6-1685B598A3DC}.Debug|x86.ActiveCfg = Debug|x86
		{CF732FD1-9200-423A-8BB6-1685B598A3DC}.Debug|x86.Build.0 = Debug|x86
		{CF732FD1-9200-423A-8BB6-1685B598A3DC}.Debug|x86.Deploy.0 = Debug|x86
		{CF732FD1-9200-423A-8BB6-1685B598A3DC}.Release|Any CPU.ActiveCfg = Release|x86
		{CF732FD1-9200-423A-8BB6-1685B598A3DC}.Release|ARM.ActiveCfg = Release|ARM
		{CF732FD1-9200-423A-8BB6-1685B598A3DC}.Release|ARM.Build.0 = Release|ARM
		{CF732FD1-9200-423A-8BB6-1685B598A3DC}.Release|ARM.Deploy.0 = Release|ARM
		{CF732FD1-9200-423A-8BB6-1685B598A3DC}.Release|ARM64.ActiveCfg = Release|ARM64
		{CF732FD1-9200-423A-8BB6-1685B598A3DC}.Release|ARM64.Build.0 = Release|ARM64
		{CF732FD1-9200-423A-8BB6-1685B598A3DC}.Release|ARM64.Deploy.0 = Release|ARM64
		{CF732FD1-9200-423A-8BB6-1685B598A3DC}.Release|x64.ActiveCfg = Release|x64
		{CF732FD1-9200-423A-8BB6-1685B598A3DC}.Release|x64.Build.0 = Release|x64
		{CF732FD1-9200-423A-8BB6-1685B598A3DC}.Release|x64.Deploy.0 = Release|x64
		{CF732FD1-9200-423A-8BB6-1685B598A3DC}.Release|x86.ActiveCfg = Release|x86
		{CF732FD1-9200-423A-8BB6-1685B598A3DC}.Release|x86.Build.0 = Release|x86
		{CF732FD1-9200-423A-8BB6-1685B598A3DC}.Release|x86.Deploy.0 = Release|x86
		{15FACA69-C86A-4447-97DC-B6CB59056075}.Debug|Any CPU.ActiveCfg = Debug|Any CPU
		{15FACA69-C86A-4447-97DC-B6CB59056075}.Debug|Any CPU.Build.0 = Debug|Any CPU
		{15FACA69-C86A-4447-97DC-B6CB59056075}.Debug|ARM.ActiveCfg = Debug|ARM
		{15FACA69-C86A-4447-97DC-B6CB59056075}.Debug|ARM.Build.0 = Debug|ARM
		{15FACA69-C86A-4447-97DC-B6CB59056075}.Debug|ARM64.ActiveCfg = Debug|ARM64
		{15FACA69-C86A-4447-97DC-B6CB59056075}.Debug|ARM64.Build.0 = Debug|ARM64
		{15FACA69-C86A-4447-97DC-B6CB59056075}.Debug|x64.ActiveCfg = Debug|x64
		{15FACA69-C86A-4447-97DC-B6CB59056075}.Debug|x64.Build.0 = Debug|x64
		{15FACA69-C86A-4447-97DC-B6CB59056075}.Debug|x86.ActiveCfg = Debug|x86
		{15FACA69-C86A-4447-97DC-B6CB59056075}.Debug|x86.Build.0 = Debug|x86
		{15FACA69-C86A-4447-97DC-B6CB59056075}.Release|Any CPU.ActiveCfg = Release|Any CPU
		{15FACA69-C86A-4447-97DC-B6CB59056075}.Release|Any CPU.Build.0 = Release|Any CPU
		{15FACA69-C86A-4447-97DC-B6CB59056075}.Release|ARM.ActiveCfg = Release|ARM
		{15FACA69-C86A-4447-97DC-B6CB59056075}.Release|ARM.Build.0 = Release|ARM
		{15FACA69-C86A-4447-97DC-B6CB59056075}.Release|ARM64.ActiveCfg = Release|ARM64
		{15FACA69-C86A-4447-97DC-B6CB59056075}.Release|ARM64.Build.0 = Release|ARM64
		{15FACA69-C86A-4447-97DC-B6CB59056075}.Release|x64.ActiveCfg = Release|x64
		{15FACA69-C86A-4447-97DC-B6CB59056075}.Release|x64.Build.0 = Release|x64
		{15FACA69-C86A-4447-97DC-B6CB59056075}.Release|x86.ActiveCfg = Release|x86
		{15FACA69-C86A-4447-97DC-B6CB59056075}.Release|x86.Build.0 = Release|x86
	EndGlobalSection
	GlobalSection(SolutionProperties) = preSolution
		HideSolutionNode = FALSE
	EndGlobalSection
	GlobalSection(ExtensibilityGlobals) = postSolution
		SolutionGuid = {E0099F66-369A-4936-A6B9-64A0DB688C4D}
	EndGlobalSection
EndGlobal
